
Microsoft Visual Studio Solution File, Format Version 12.00
# Visual Studio Version 17
VisualStudioVersion = 17.0.32014.148
MinimumVisualStudioVersion = 10.0.40219.1
Project("{9A19103F-16F7-4668-BE54-9A1E7A4F7556}") = "CryptoTrading.Kucoin.DesktopInterface", "CryptoTrading.Kucoin.DesktopInterface\CryptoTrading.Kucoin.DesktopInterface.csproj", "{0F3AF18B-1E52-4A9F-8903-F7DDC9489FC7}"
EndProject
Project("{9A19103F-16F7-4668-BE54-9A1E7A4F7556}") = "CryptoTrading.BackGround.LiveData.Server", "CryptoTrading.BackGround.LiveData.Server\CryptoTrading.BackGround.LiveData.Server.csproj", "{FC10E07D-7625-42D9-BE77-CEBBA64984D4}"
EndProject
Project("{9A19103F-16F7-4668-BE54-9A1E7A4F7556}") = "CryptoTrading.Framework", "CryptoTrading.Framework\CryptoTrading.Framework.csproj", "{2163993F-E7F6-4749-812A-3083FF7CF7B4}"
EndProject
Project("{2150E333-8FDC-42A3-9474-1A3956D46DE8}") = "TestProjects", "TestProjects", "{181FFB10-1F49-44DD-A450-5817E39ABBFB}"
EndProject
Project("{2150E333-8FDC-42A3-9474-1A3956D46DE8}") = "Framework", "Framework", "{6D76ABE6-F450-4CCC-9F0D-D872EF8E315E}"
EndProject
Project("{9A19103F-16F7-4668-BE54-9A1E7A4F7556}") = "CryptoTrading.Tests.Framework.Ipc", "TestProjects\Framework\CryptoTrading.Tests.Framework.Ipc\CryptoTrading.Tests.Framework.Ipc.csproj", "{E5900686-72D9-465E-AD2A-9CEA3FC2BE05}"
EndProject
Global
	GlobalSection(SolutionConfigurationPlatforms) = preSolution
		Debug|Any CPU = Debug|Any CPU
		Release|Any CPU = Release|Any CPU
	EndGlobalSection
	GlobalSection(ProjectConfigurationPlatforms) = postSolution
		{0F3AF18B-1E52-4A9F-8903-F7DDC9489FC7}.Debug|Any CPU.ActiveCfg = Debug|Any CPU
		{0F3AF18B-1E52-4A9F-8903-F7DDC9489FC7}.Debug|Any CPU.Build.0 = Debug|Any CPU
		{0F3AF18B-1E52-4A9F-8903-F7DDC9489FC7}.Release|Any CPU.ActiveCfg = Release|Any CPU
		{0F3AF18B-1E52-4A9F-8903-F7DDC9489FC7}.Release|Any CPU.Build.0 = Release|Any CPU
		{FC10E07D-7625-42D9-BE77-CEBBA64984D4}.Debug|Any CPU.ActiveCfg = Debug|Any CPU
		{FC10E07D-7625-42D9-BE77-CEBBA64984D4}.Debug|Any CPU.Build.0 = Debug|Any CPU
		{FC10E07D-7625-42D9-BE77-CEBBA64984D4}.Release|Any CPU.ActiveCfg = Release|Any CPU
		{FC10E07D-7625-42D9-BE77-CEBBA64984D4}.Release|Any CPU.Build.0 = Release|Any CPU
		{2163993F-E7F6-4749-812A-3083FF7CF7B4}.Debug|Any CPU.ActiveCfg = Debug|Any CPU
		{2163993F-E7F6-4749-812A-3083FF7CF7B4}.Debug|Any CPU.Build.0 = Debug|Any CPU
		{2163993F-E7F6-4749-812A-3083FF7CF7B4}.Release|Any CPU.ActiveCfg = Release|Any CPU
		{2163993F-E7F6-4749-812A-3083FF7CF7B4}.Release|Any CPU.Build.0 = Release|Any CPU
		{E5900686-72D9-465E-AD2A-9CEA3FC2BE05}.Debug|Any CPU.ActiveCfg = Debug|Any CPU
		{E5900686-72D9-465E-AD2A-9CEA3FC2BE05}.Debug|Any CPU.Build.0 = Debug|Any CPU
		{E5900686-72D9-465E-AD2A-9CEA3FC2BE05}.Release|Any CPU.ActiveCfg = Release|Any CPU
		{E5900686-72D9-465E-AD2A-9CEA3FC2BE05}.Release|Any CPU.Build.0 = Release|Any CPU
	EndGlobalSection
	GlobalSection(SolutionProperties) = preSolution
		HideSolutionNode = FALSE
	EndGlobalSection
	GlobalSection(NestedProjects) = preSolution
		{6D76ABE6-F450-4CCC-9F0D-D872EF8E315E} = {181FFB10-1F49-44DD-A450-5817E39ABBFB}
		{E5900686-72D9-465E-AD2A-9CEA3FC2BE05} = {6D76ABE6-F450-4CCC-9F0D-D872EF8E315E}
	EndGlobalSection
	GlobalSection(ExtensibilityGlobals) = postSolution
		SolutionGuid = {6377F10A-B7BF-4CD0-BB5F-DA7953131EA8}
	EndGlobalSection
EndGlobal
